{
  "pins" : [
    {
      "identity" : "msgpack-swift",
      "kind" : "remoteSourceControl",
      "location" : "https://github.com/fumoboy007/msgpack-swift.git",
      "state" : {
        "revision" : "fe3101819f4f82b086da5279a9df81f6754798e9",
        "version" : "2.0.6"
      }
    }
  ],
  "version" : 2
}
